// !$*UTF8*$!
{
	archiveVersion = 1;
	classes = {
	};
	objectVersion = 51;
	objects = {

/* Begin PBXBuildFile section */
		08506C9A7B0CF0C05C72A6FB /* Pods_PinkyPromise.framework in Frameworks */ = {isa = PBXBuildFile; fileRef = 091DA1DC9578F66849434C4F /* Pods_PinkyPromise.framework */; };
		186D855423D41C94006DA619 /* Constants.swift in Sources */ = {isa = PBXBuildFile; fileRef = 186D855323D41C94006DA619 /* Constants.swift */; };
		186D855923D42174006DA619 /* promiseUsers.swift in Sources */ = {isa = PBXBuildFile; fileRef = 186D855823D42174006DA619 /* promiseUsers.swift */; };
		186D855B23D42486006DA619 /* promiseTable.swift in Sources */ = {isa = PBXBuildFile; fileRef = 186D855A23D42486006DA619 /* promiseTable.swift */; };
		1875B63623D876FE00751947 /* FirebaseStorageService.swift in Sources */ = {isa = PBXBuildFile; fileRef = 1875B63523D876FE00751947 /* FirebaseStorageService.swift */; };
		1875B63A23D99F7400751947 /* signInVC.swift in Sources */ = {isa = PBXBuildFile; fileRef = 1875B63923D99F7400751947 /* signInVC.swift */; };
		1875B63C23D99F8600751947 /* signUpVC.swift in Sources */ = {isa = PBXBuildFile; fileRef = 1875B63B23D99F8600751947 /* signUpVC.swift */; };
		1875B63E23D9A23D00751947 /* signAnonymousVC.swift in Sources */ = {isa = PBXBuildFile; fileRef = 1875B63D23D9A23D00751947 /* signAnonymousVC.swift */; };
		188AAA3723D5CE8400E8BB70 /* FirebaseAuthentication.swift in Sources */ = {isa = PBXBuildFile; fileRef = 188AAA3623D5CE8400E8BB70 /* FirebaseAuthentication.swift */; };
		18A7B4F823CF663900598AF5 /* GoogleService-Info.plist in Resources */ = {isa = PBXBuildFile; fileRef = 18A7B4F723CF663900598AF5 /* GoogleService-Info.plist */; };
		18AE1EA223D5A3C400C786C5 /* LoginVC.swift in Sources */ = {isa = PBXBuildFile; fileRef = 18AE1EA123D5A3C400C786C5 /* LoginVC.swift */; };
		18BA606C23DC82B100925578 /* progressTable.swift in Sources */ = {isa = PBXBuildFile; fileRef = 18BA606B23DC82B100925578 /* progressTable.swift */; };
		18BA607623DF3E6D00925578 /* MoreDetailVC.swift in Sources */ = {isa = PBXBuildFile; fileRef = 18BA607523DF3E6D00925578 /* MoreDetailVC.swift */; };
		18BA607823DFF02E00925578 /* FirebaseUserService.swift in Sources */ = {isa = PBXBuildFile; fileRef = 18BA607723DFF02E00925578 /* FirebaseUserService.swift */; };
		18BA607C23E0D08100925578 /* promiseNameAndFriends.swift in Sources */ = {isa = PBXBuildFile; fileRef = 18BA607B23E0D08100925578 /* promiseNameAndFriends.swift */; };
		33028C5723CD983A004E0104 /* DayChildVC.swift in Sources */ = {isa = PBXBuildFile; fileRef = 33028C5623CD983A004E0104 /* DayChildVC.swift */; };
		33028C5923CD9848004E0104 /* PromiseChildVC.swift in Sources */ = {isa = PBXBuildFile; fileRef = 33028C5823CD9848004E0104 /* PromiseChildVC.swift */; };
		33028C6023CDB21B004E0104 /* Api.swift in Sources */ = {isa = PBXBuildFile; fileRef = 33028C5F23CDB21B004E0104 /* Api.swift */; };
		33028C6223CDB35B004E0104 /* DayTVC.swift in Sources */ = {isa = PBXBuildFile; fileRef = 33028C6123CDB35B004E0104 /* DayTVC.swift */; };
		330AE60923CB56DC00706769 /* Assets.xcassets in Resources */ = {isa = PBXBuildFile; fileRef = 330AE5FD23CB56DC00706769 /* Assets.xcassets */; };
		330AE60A23CB56DC00706769 /* AppDelegate.swift in Sources */ = {isa = PBXBuildFile; fileRef = 330AE5FE23CB56DC00706769 /* AppDelegate.swift */; };
		330AE60B23CB56DC00706769 /* SceneDelegate.swift in Sources */ = {isa = PBXBuildFile; fileRef = 330AE5FF23CB56DC00706769 /* SceneDelegate.swift */; };
		330AE60C23CB56DC00706769 /* LaunchScreen.storyboard in Resources */ = {isa = PBXBuildFile; fileRef = 330AE60323CB56DC00706769 /* LaunchScreen.storyboard */; };
		330AE60D23CB56DC00706769 /* Main.storyboard in Resources */ = {isa = PBXBuildFile; fileRef = 330AE60523CB56DC00706769 /* Main.storyboard */; };
		3317B3E123CEF31B006A5BF5 /* PromiseCVC.swift in Sources */ = {isa = PBXBuildFile; fileRef = 3317B3E023CEF31B006A5BF5 /* PromiseCVC.swift */; };
		3317B3E523CEF3D2006A5BF5 /* CustomSlider.swift in Sources */ = {isa = PBXBuildFile; fileRef = 3317B3E423CEF3D2006A5BF5 /* CustomSlider.swift */; };
		3317B3E923CF1354006A5BF5 /* HomeNavigationController.swift in Sources */ = {isa = PBXBuildFile; fileRef = 3317B3E823CF1354006A5BF5 /* HomeNavigationController.swift */; };
		332A24C723DEF670004377DA /* EndedPromiseCVC.swift in Sources */ = {isa = PBXBuildFile; fileRef = 332A24C623DEF670004377DA /* EndedPromiseCVC.swift */; };
		332A24C923DF65B1004377DA /* AddFriendCodeVC.swift in Sources */ = {isa = PBXBuildFile; fileRef = 332A24C823DF65B1004377DA /* AddFriendCodeVC.swift */; };
		334AACD223CC249D00AAF955 /* MyTab.storyboard in Resources */ = {isa = PBXBuildFile; fileRef = 334AACD123CC249D00AAF955 /* MyTab.storyboard */; };
		334AACD523CC24B100AAF955 /* FriendTab.storyboard in Resources */ = {isa = PBXBuildFile; fileRef = 334AACD423CC24B100AAF955 /* FriendTab.storyboard */; };
		334AACD723CC24BA00AAF955 /* MoreTab.storyboard in Resources */ = {isa = PBXBuildFile; fileRef = 334AACD623CC24BA00AAF955 /* MoreTab.storyboard */; };
		334AACDD23CC262D00AAF955 /* HomeTabMainVC.swift in Sources */ = {isa = PBXBuildFile; fileRef = 334AACDC23CC262D00AAF955 /* HomeTabMainVC.swift */; };
		334AACDF23CC273500AAF955 /* MainTabBarController.swift in Sources */ = {isa = PBXBuildFile; fileRef = 334AACDE23CC273500AAF955 /* MainTabBarController.swift */; };
		334AACE123CC294000AAF955 /* MyTabMainVC.swift in Sources */ = {isa = PBXBuildFile; fileRef = 334AACE023CC294000AAF955 /* MyTabMainVC.swift */; };
		334AACE323CC295100AAF955 /* FriendTabMainVC.swift in Sources */ = {isa = PBXBuildFile; fileRef = 334AACE223CC295100AAF955 /* FriendTabMainVC.swift */; };
		334AACE523CC296100AAF955 /* MoreTabMainVC.swift in Sources */ = {isa = PBXBuildFile; fileRef = 334AACE423CC296100AAF955 /* MoreTabMainVC.swift */; };
		334AACEC23CC2E7D00AAF955 /* MoreTVC.swift in Sources */ = {isa = PBXBuildFile; fileRef = 334AACEB23CC2E7D00AAF955 /* MoreTVC.swift */; };
		334AACEF23CC2FF600AAF955 /* MoreTableData.swift in Sources */ = {isa = PBXBuildFile; fileRef = 334AACEE23CC2FF600AAF955 /* MoreTableData.swift */; };
		33A782AD23D21E110055D6C5 /* PromiseData.swift in Sources */ = {isa = PBXBuildFile; fileRef = 33A782AC23D21E110055D6C5 /* PromiseData.swift */; };
		33A782AF23D22B6C0055D6C5 /* EndedPromiseVC.swift in Sources */ = {isa = PBXBuildFile; fileRef = 33A782AE23D22B6C0055D6C5 /* EndedPromiseVC.swift */; };
		33B7E8D623E0701A00B2D6C0 /* MyTabApi.swift in Sources */ = {isa = PBXBuildFile; fileRef = 33B7E8D523E0701A00B2D6C0 /* MyTabApi.swift */; };
		33B7E8DD23E1E02E00B2D6C0 /* UIColor+Extension.swift in Sources */ = {isa = PBXBuildFile; fileRef = 33B7E8DA23E1E02E00B2D6C0 /* UIColor+Extension.swift */; };
		33B7E8DE23E1E02E00B2D6C0 /* UIView+Extension.swift in Sources */ = {isa = PBXBuildFile; fileRef = 33B7E8DB23E1E02E00B2D6C0 /* UIView+Extension.swift */; };
		33B7E8DF23E1E02E00B2D6C0 /* UIViewController+Extension.swift in Sources */ = {isa = PBXBuildFile; fileRef = 33B7E8DC23E1E02E00B2D6C0 /* UIViewController+Extension.swift */; };
		33BC046723D6E96200DEFD3A /* OnePromiseView.xib in Resources */ = {isa = PBXBuildFile; fileRef = 33BC046623D6E96200DEFD3A /* OnePromiseView.xib */; };
		33BC046923D7271200DEFD3A /* OnePromiseView.swift in Sources */ = {isa = PBXBuildFile; fileRef = 33BC046823D7271200DEFD3A /* OnePromiseView.swift */; };
		3F035C5023DF447A0037A4BA /* ColorCVC.swift in Sources */ = {isa = PBXBuildFile; fileRef = 3F035C4E23DF447A0037A4BA /* ColorCVC.swift */; };
		3F035C5123DF447A0037A4BA /* ColorCVC.xib in Resources */ = {isa = PBXBuildFile; fileRef = 3F035C4F23DF447A0037A4BA /* ColorCVC.xib */; };
		3F035C5323DF5BC40037A4BA /* AddColorVC.swift in Sources */ = {isa = PBXBuildFile; fileRef = 3F035C5223DF5BC40037A4BA /* AddColorVC.swift */; };
		3F2612CE23D5994700E86CC1 /* PromiseInputTVC.swift in Sources */ = {isa = PBXBuildFile; fileRef = 3F2612CD23D5994700E86CC1 /* PromiseInputTVC.swift */; };
		3F6DAE4923DCD53A00599661 /* MyCalendarCell.swift in Sources */ = {isa = PBXBuildFile; fileRef = 3F6DAE4823DCD53A00599661 /* MyCalendarCell.swift */; };
		3F6DAE5923DE30D800599661 /* AddPromiseBtn.swift in Sources */ = {isa = PBXBuildFile; fileRef = 3F6DAE5823DE30D800599661 /* AddPromiseBtn.swift */; };
		3F6DAE5B23DF158300599661 /* PromiseCustomCell.swift in Sources */ = {isa = PBXBuildFile; fileRef = 3F6DAE5A23DF158300599661 /* PromiseCustomCell.swift */; };
		3F7F7E7723DFB7960033856F /* IconCVC.swift in Sources */ = {isa = PBXBuildFile; fileRef = 3F7F7E7523DFB7960033856F /* IconCVC.swift */; };
		3F7F7E7823DFB7960033856F /* IconCVC.xib in Resources */ = {isa = PBXBuildFile; fileRef = 3F7F7E7623DFB7960033856F /* IconCVC.xib */; };
		3F7F7E7A23DFBA4F0033856F /* AddIconVC.swift in Sources */ = {isa = PBXBuildFile; fileRef = 3F7F7E7923DFBA4F0033856F /* AddIconVC.swift */; };
		3F8F103423E0387A002D2BDA /* DayPromiseListTVC.swift in Sources */ = {isa = PBXBuildFile; fileRef = 3F8F103323E0387A002D2BDA /* DayPromiseListTVC.swift */; };
		3F8F103623E03884002D2BDA /* DayPromiseListTVC.xib in Resources */ = {isa = PBXBuildFile; fileRef = 3F8F103523E03884002D2BDA /* DayPromiseListTVC.xib */; };
		3FB3AC0323CEF89300851FDA /* HomeTab.storyboard in Resources */ = {isa = PBXBuildFile; fileRef = 3FB3AC0223CEF89300851FDA /* HomeTab.storyboard */; };
		3FB3AC0623CEF8AE00851FDA /* AddPromiseVC.swift in Sources */ = {isa = PBXBuildFile; fileRef = 3FB3AC0423CEF8AE00851FDA /* AddPromiseVC.swift */; };
		3FB3AC0723CEF8AE00851FDA /* selectColorVC.swift in Sources */ = {isa = PBXBuildFile; fileRef = 3FB3AC0523CEF8AE00851FDA /* selectColorVC.swift */; };
		3FB7CF1A23D8D6BA00C5DECA /* TextCellTVC.swift in Sources */ = {isa = PBXBuildFile; fileRef = 3FB7CF1923D8D6BA00C5DECA /* TextCellTVC.swift */; };
		3FE061CF23E0CF9900CD2F6A /* FriendCellTVC.swift in Sources */ = {isa = PBXBuildFile; fileRef = 3FE061CE23E0CF9900CD2F6A /* FriendCellTVC.swift */; };
		3FE061D723E0E4C900CD2F6A /* AddFriendsVC.swift in Sources */ = {isa = PBXBuildFile; fileRef = 3FE061D623E0E4C900CD2F6A /* AddFriendsVC.swift */; };
		3FE061D923E0E6C200CD2F6A /* CheckFriendsTVC.swift in Sources */ = {isa = PBXBuildFile; fileRef = 3FE061D823E0E6C200CD2F6A /* CheckFriendsTVC.swift */; };
		A95DD23723D8914E005707FC /* FriendDetailTableViewCell.swift in Sources */ = {isa = PBXBuildFile; fileRef = A95DD23623D8914E005707FC /* FriendDetailTableViewCell.swift */; };
		A9601F1A23D6E8FD003CA729 /* FriendTabDetailVC.swift in Sources */ = {isa = PBXBuildFile; fileRef = A9601F1923D6E8FD003CA729 /* FriendTabDetailVC.swift */; };
		A969950A23CEEBBF00DA31D9 /* FriendTableViewCell.swift in Sources */ = {isa = PBXBuildFile; fileRef = A969950923CEEBBF00DA31D9 /* FriendTableViewCell.swift */; };
		A98A2DEE23DD631C00E72DFA /* DetailNavigationController.swift in Sources */ = {isa = PBXBuildFile; fileRef = A98A2DED23DD631C00E72DFA /* DetailNavigationController.swift */; };
		A9A3E82723E01D7900EDFE1C /* DetailPromise.storyboard in Resources */ = {isa = PBXBuildFile; fileRef = A9A3E82623E01D7900EDFE1C /* DetailPromise.storyboard */; };
		A9A3E82923E02E6F00EDFE1C /* PromiseDetailVC.swift in Sources */ = {isa = PBXBuildFile; fileRef = A9A3E82823E02E6F00EDFE1C /* PromiseDetailVC.swift */; };
		A9A3E82B23E02EFD00EDFE1C /* PromiseFriendTVC.swift in Sources */ = {isa = PBXBuildFile; fileRef = A9A3E82A23E02EFD00EDFE1C /* PromiseFriendTVC.swift */; };
		A9A3E82D23E0354500EDFE1C /* StartDateVC.swift in Sources */ = {isa = PBXBuildFile; fileRef = A9A3E82C23E0354500EDFE1C /* StartDateVC.swift */; };
		A9A3E82F23E0355400EDFE1C /* FinalDateVC.swift in Sources */ = {isa = PBXBuildFile; fileRef = A9A3E82E23E0355400EDFE1C /* FinalDateVC.swift */; };
		A9A3E83123E0357300EDFE1C /* ColorVC.swift in Sources */ = {isa = PBXBuildFile; fileRef = A9A3E83023E0357300EDFE1C /* ColorVC.swift */; };
		A9A3E83323E0358C00EDFE1C /* IconVC.swift in Sources */ = {isa = PBXBuildFile; fileRef = A9A3E83223E0358C00EDFE1C /* IconVC.swift */; };
		A9A3E83523E0359D00EDFE1C /* AlarmVC.swift in Sources */ = {isa = PBXBuildFile; fileRef = A9A3E83423E0359D00EDFE1C /* AlarmVC.swift */; };
/* End PBXBuildFile section */

/* Begin PBXFileReference section */
		091DA1DC9578F66849434C4F /* Pods_PinkyPromise.framework */ = {isa = PBXFileReference; explicitFileType = wrapper.framework; includeInIndex = 0; path = Pods_PinkyPromise.framework; sourceTree = BUILT_PRODUCTS_DIR; };
		181D739B23D5DE32006797A2 /* PinkyPromise.entitlements */ = {isa = PBXFileReference; lastKnownFileType = text.plist.entitlements; path = PinkyPromise.entitlements; sourceTree = "<group>"; };
		186D855323D41C94006DA619 /* Constants.swift */ = {isa = PBXFileReference; lastKnownFileType = sourcecode.swift; path = Constants.swift; sourceTree = "<group>"; };
		186D855823D42174006DA619 /* promiseUsers.swift */ = {isa = PBXFileReference; lastKnownFileType = sourcecode.swift; path = promiseUsers.swift; sourceTree = "<group>"; };
		186D855A23D42486006DA619 /* promiseTable.swift */ = {isa = PBXFileReference; lastKnownFileType = sourcecode.swift; path = promiseTable.swift; sourceTree = "<group>"; };
		1875B63523D876FE00751947 /* FirebaseStorageService.swift */ = {isa = PBXFileReference; lastKnownFileType = sourcecode.swift; path = FirebaseStorageService.swift; sourceTree = "<group>"; };
		1875B63923D99F7400751947 /* signInVC.swift */ = {isa = PBXFileReference; lastKnownFileType = sourcecode.swift; path = signInVC.swift; sourceTree = "<group>"; };
		1875B63B23D99F8600751947 /* signUpVC.swift */ = {isa = PBXFileReference; lastKnownFileType = sourcecode.swift; path = signUpVC.swift; sourceTree = "<group>"; };
		1875B63D23D9A23D00751947 /* signAnonymousVC.swift */ = {isa = PBXFileReference; lastKnownFileType = sourcecode.swift; path = signAnonymousVC.swift; sourceTree = "<group>"; };
		188AAA3623D5CE8400E8BB70 /* FirebaseAuthentication.swift */ = {isa = PBXFileReference; lastKnownFileType = sourcecode.swift; path = FirebaseAuthentication.swift; sourceTree = "<group>"; };
		18A7B4F723CF663900598AF5 /* GoogleService-Info.plist */ = {isa = PBXFileReference; fileEncoding = 4; lastKnownFileType = text.plist.xml; path = "GoogleService-Info.plist"; sourceTree = "<group>"; };
		18AE1EA123D5A3C400C786C5 /* LoginVC.swift */ = {isa = PBXFileReference; lastKnownFileType = sourcecode.swift; path = LoginVC.swift; sourceTree = "<group>"; };
		18BA606B23DC82B100925578 /* progressTable.swift */ = {isa = PBXFileReference; lastKnownFileType = sourcecode.swift; path = progressTable.swift; sourceTree = "<group>"; };
		18BA607523DF3E6D00925578 /* MoreDetailVC.swift */ = {isa = PBXFileReference; lastKnownFileType = sourcecode.swift; path = MoreDetailVC.swift; sourceTree = "<group>"; };
		18BA607723DFF02E00925578 /* FirebaseUserService.swift */ = {isa = PBXFileReference; lastKnownFileType = sourcecode.swift; path = FirebaseUserService.swift; sourceTree = "<group>"; };
		18BA607B23E0D08100925578 /* promiseNameAndFriends.swift */ = {isa = PBXFileReference; lastKnownFileType = sourcecode.swift; path = promiseNameAndFriends.swift; sourceTree = "<group>"; };
		2BDC4506C0E7546CBE6D7E26 /* Pods-PinkyPromise.release.xcconfig */ = {isa = PBXFileReference; includeInIndex = 1; lastKnownFileType = text.xcconfig; name = "Pods-PinkyPromise.release.xcconfig"; path = "Target Support Files/Pods-PinkyPromise/Pods-PinkyPromise.release.xcconfig"; sourceTree = "<group>"; };
		33028C5623CD983A004E0104 /* DayChildVC.swift */ = {isa = PBXFileReference; lastKnownFileType = sourcecode.swift; path = DayChildVC.swift; sourceTree = "<group>"; };
		33028C5823CD9848004E0104 /* PromiseChildVC.swift */ = {isa = PBXFileReference; lastKnownFileType = sourcecode.swift; path = PromiseChildVC.swift; sourceTree = "<group>"; };
		33028C5F23CDB21B004E0104 /* Api.swift */ = {isa = PBXFileReference; lastKnownFileType = sourcecode.swift; path = Api.swift; sourceTree = "<group>"; };
		33028C6123CDB35B004E0104 /* DayTVC.swift */ = {isa = PBXFileReference; lastKnownFileType = sourcecode.swift; path = DayTVC.swift; sourceTree = "<group>"; };
		330AE5FD23CB56DC00706769 /* Assets.xcassets */ = {isa = PBXFileReference; lastKnownFileType = folder.assetcatalog; path = Assets.xcassets; sourceTree = "<group>"; };
		330AE5FE23CB56DC00706769 /* AppDelegate.swift */ = {isa = PBXFileReference; fileEncoding = 4; lastKnownFileType = sourcecode.swift; path = AppDelegate.swift; sourceTree = "<group>"; };
		330AE5FF23CB56DC00706769 /* SceneDelegate.swift */ = {isa = PBXFileReference; fileEncoding = 4; lastKnownFileType = sourcecode.swift; path = SceneDelegate.swift; sourceTree = "<group>"; };
		330AE60423CB56DC00706769 /* Base */ = {isa = PBXFileReference; lastKnownFileType = file.storyboard; name = Base; path = Base.lproj/LaunchScreen.storyboard; sourceTree = "<group>"; };
		330AE60623CB56DC00706769 /* Base */ = {isa = PBXFileReference; lastKnownFileType = file.storyboard; name = Base; path = Base.lproj/Main.storyboard; sourceTree = "<group>"; };
		3317B3E023CEF31B006A5BF5 /* PromiseCVC.swift */ = {isa = PBXFileReference; lastKnownFileType = sourcecode.swift; path = PromiseCVC.swift; sourceTree = "<group>"; };
		3317B3E423CEF3D2006A5BF5 /* CustomSlider.swift */ = {isa = PBXFileReference; lastKnownFileType = sourcecode.swift; path = CustomSlider.swift; sourceTree = "<group>"; };
		3317B3E823CF1354006A5BF5 /* HomeNavigationController.swift */ = {isa = PBXFileReference; lastKnownFileType = sourcecode.swift; path = HomeNavigationController.swift; sourceTree = "<group>"; };
		332A24C623DEF670004377DA /* EndedPromiseCVC.swift */ = {isa = PBXFileReference; lastKnownFileType = sourcecode.swift; path = EndedPromiseCVC.swift; sourceTree = "<group>"; };
		332A24C823DF65B1004377DA /* AddFriendCodeVC.swift */ = {isa = PBXFileReference; lastKnownFileType = sourcecode.swift; path = AddFriendCodeVC.swift; sourceTree = "<group>"; };
		334AACD123CC249D00AAF955 /* MyTab.storyboard */ = {isa = PBXFileReference; lastKnownFileType = file.storyboard; path = MyTab.storyboard; sourceTree = "<group>"; };
		334AACD423CC24B100AAF955 /* FriendTab.storyboard */ = {isa = PBXFileReference; lastKnownFileType = file.storyboard; path = FriendTab.storyboard; sourceTree = "<group>"; };
		334AACD623CC24BA00AAF955 /* MoreTab.storyboard */ = {isa = PBXFileReference; lastKnownFileType = file.storyboard; path = MoreTab.storyboard; sourceTree = "<group>"; };
		334AACDC23CC262D00AAF955 /* HomeTabMainVC.swift */ = {isa = PBXFileReference; lastKnownFileType = sourcecode.swift; path = HomeTabMainVC.swift; sourceTree = "<group>"; };
		334AACDE23CC273500AAF955 /* MainTabBarController.swift */ = {isa = PBXFileReference; lastKnownFileType = sourcecode.swift; path = MainTabBarController.swift; sourceTree = "<group>"; };
		334AACE023CC294000AAF955 /* MyTabMainVC.swift */ = {isa = PBXFileReference; lastKnownFileType = sourcecode.swift; path = MyTabMainVC.swift; sourceTree = "<group>"; };
		334AACE223CC295100AAF955 /* FriendTabMainVC.swift */ = {isa = PBXFileReference; lastKnownFileType = sourcecode.swift; path = FriendTabMainVC.swift; sourceTree = "<group>"; };
		334AACE423CC296100AAF955 /* MoreTabMainVC.swift */ = {isa = PBXFileReference; lastKnownFileType = sourcecode.swift; path = MoreTabMainVC.swift; sourceTree = "<group>"; };
		334AACEB23CC2E7D00AAF955 /* MoreTVC.swift */ = {isa = PBXFileReference; lastKnownFileType = sourcecode.swift; path = MoreTVC.swift; sourceTree = "<group>"; };
		334AACEE23CC2FF600AAF955 /* MoreTableData.swift */ = {isa = PBXFileReference; lastKnownFileType = sourcecode.swift; path = MoreTableData.swift; sourceTree = "<group>"; };
		33A782AC23D21E110055D6C5 /* PromiseData.swift */ = {isa = PBXFileReference; lastKnownFileType = sourcecode.swift; path = PromiseData.swift; sourceTree = "<group>"; };
		33A782AE23D22B6C0055D6C5 /* EndedPromiseVC.swift */ = {isa = PBXFileReference; lastKnownFileType = sourcecode.swift; path = EndedPromiseVC.swift; sourceTree = "<group>"; };
		33B7E8D523E0701A00B2D6C0 /* MyTabApi.swift */ = {isa = PBXFileReference; lastKnownFileType = sourcecode.swift; path = MyTabApi.swift; sourceTree = "<group>"; };
		33B7E8DA23E1E02E00B2D6C0 /* UIColor+Extension.swift */ = {isa = PBXFileReference; fileEncoding = 4; lastKnownFileType = sourcecode.swift; path = "UIColor+Extension.swift"; sourceTree = "<group>"; };
		33B7E8DB23E1E02E00B2D6C0 /* UIView+Extension.swift */ = {isa = PBXFileReference; fileEncoding = 4; lastKnownFileType = sourcecode.swift; path = "UIView+Extension.swift"; sourceTree = "<group>"; };
		33B7E8DC23E1E02E00B2D6C0 /* UIViewController+Extension.swift */ = {isa = PBXFileReference; fileEncoding = 4; lastKnownFileType = sourcecode.swift; path = "UIViewController+Extension.swift"; sourceTree = "<group>"; };
		33BC046623D6E96200DEFD3A /* OnePromiseView.xib */ = {isa = PBXFileReference; lastKnownFileType = file.xib; path = OnePromiseView.xib; sourceTree = "<group>"; };
		33BC046823D7271200DEFD3A /* OnePromiseView.swift */ = {isa = PBXFileReference; lastKnownFileType = sourcecode.swift; path = OnePromiseView.swift; sourceTree = "<group>"; };
		33FF2C2F23CB55DC0040003A /* PinkyPromise.app */ = {isa = PBXFileReference; explicitFileType = wrapper.application; includeInIndex = 0; path = PinkyPromise.app; sourceTree = BUILT_PRODUCTS_DIR; };
		33FF2C4023CB55E20040003A /* Info.plist */ = {isa = PBXFileReference; lastKnownFileType = text.plist.xml; path = Info.plist; sourceTree = "<group>"; };
		3F035C4E23DF447A0037A4BA /* ColorCVC.swift */ = {isa = PBXFileReference; lastKnownFileType = sourcecode.swift; path = ColorCVC.swift; sourceTree = "<group>"; };
		3F035C4F23DF447A0037A4BA /* ColorCVC.xib */ = {isa = PBXFileReference; lastKnownFileType = file.xib; path = ColorCVC.xib; sourceTree = "<group>"; };
		3F035C5223DF5BC40037A4BA /* AddColorVC.swift */ = {isa = PBXFileReference; lastKnownFileType = sourcecode.swift; path = AddColorVC.swift; sourceTree = "<group>"; };
		3F2612CD23D5994700E86CC1 /* PromiseInputTVC.swift */ = {isa = PBXFileReference; lastKnownFileType = sourcecode.swift; path = PromiseInputTVC.swift; sourceTree = "<group>"; };
		3F6DAE4823DCD53A00599661 /* MyCalendarCell.swift */ = {isa = PBXFileReference; lastKnownFileType = sourcecode.swift; path = MyCalendarCell.swift; sourceTree = "<group>"; };
		3F6DAE5823DE30D800599661 /* AddPromiseBtn.swift */ = {isa = PBXFileReference; lastKnownFileType = sourcecode.swift; path = AddPromiseBtn.swift; sourceTree = "<group>"; };
		3F6DAE5A23DF158300599661 /* PromiseCustomCell.swift */ = {isa = PBXFileReference; lastKnownFileType = sourcecode.swift; path = PromiseCustomCell.swift; sourceTree = "<group>"; };
		3F7F7E7523DFB7960033856F /* IconCVC.swift */ = {isa = PBXFileReference; lastKnownFileType = sourcecode.swift; path = IconCVC.swift; sourceTree = "<group>"; };
		3F7F7E7623DFB7960033856F /* IconCVC.xib */ = {isa = PBXFileReference; lastKnownFileType = file.xib; path = IconCVC.xib; sourceTree = "<group>"; };
		3F7F7E7923DFBA4F0033856F /* AddIconVC.swift */ = {isa = PBXFileReference; lastKnownFileType = sourcecode.swift; path = AddIconVC.swift; sourceTree = "<group>"; };
		3F8F103323E0387A002D2BDA /* DayPromiseListTVC.swift */ = {isa = PBXFileReference; fileEncoding = 4; lastKnownFileType = sourcecode.swift; path = DayPromiseListTVC.swift; sourceTree = "<group>"; };
		3F8F103523E03884002D2BDA /* DayPromiseListTVC.xib */ = {isa = PBXFileReference; fileEncoding = 4; lastKnownFileType = file.xib; path = DayPromiseListTVC.xib; sourceTree = "<group>"; };
		3FB3AC0223CEF89300851FDA /* HomeTab.storyboard */ = {isa = PBXFileReference; fileEncoding = 4; lastKnownFileType = file.storyboard; path = HomeTab.storyboard; sourceTree = "<group>"; };
		3FB3AC0423CEF8AE00851FDA /* AddPromiseVC.swift */ = {isa = PBXFileReference; fileEncoding = 4; lastKnownFileType = sourcecode.swift; path = AddPromiseVC.swift; sourceTree = "<group>"; };
		3FB3AC0523CEF8AE00851FDA /* selectColorVC.swift */ = {isa = PBXFileReference; fileEncoding = 4; lastKnownFileType = sourcecode.swift; path = selectColorVC.swift; sourceTree = "<group>"; };
		3FB7CF1923D8D6BA00C5DECA /* TextCellTVC.swift */ = {isa = PBXFileReference; lastKnownFileType = sourcecode.swift; path = TextCellTVC.swift; sourceTree = "<group>"; };
		3FE061CE23E0CF9900CD2F6A /* FriendCellTVC.swift */ = {isa = PBXFileReference; lastKnownFileType = sourcecode.swift; path = FriendCellTVC.swift; sourceTree = "<group>"; };
		3FE061D623E0E4C900CD2F6A /* AddFriendsVC.swift */ = {isa = PBXFileReference; lastKnownFileType = sourcecode.swift; path = AddFriendsVC.swift; sourceTree = "<group>"; };
		3FE061D823E0E6C200CD2F6A /* CheckFriendsTVC.swift */ = {isa = PBXFileReference; lastKnownFileType = sourcecode.swift; path = CheckFriendsTVC.swift; sourceTree = "<group>"; };
		45752F0852F9A5F9940CA4DA /* Pods-PinkyPromise.debug.xcconfig */ = {isa = PBXFileReference; includeInIndex = 1; lastKnownFileType = text.xcconfig; name = "Pods-PinkyPromise.debug.xcconfig"; path = "Target Support Files/Pods-PinkyPromise/Pods-PinkyPromise.debug.xcconfig"; sourceTree = "<group>"; };
		A95DD23623D8914E005707FC /* FriendDetailTableViewCell.swift */ = {isa = PBXFileReference; lastKnownFileType = sourcecode.swift; path = FriendDetailTableViewCell.swift; sourceTree = "<group>"; };
		A9601F1923D6E8FD003CA729 /* FriendTabDetailVC.swift */ = {isa = PBXFileReference; lastKnownFileType = sourcecode.swift; path = FriendTabDetailVC.swift; sourceTree = "<group>"; };
		A969950923CEEBBF00DA31D9 /* FriendTableViewCell.swift */ = {isa = PBXFileReference; fileEncoding = 4; lastKnownFileType = sourcecode.swift; path = FriendTableViewCell.swift; sourceTree = "<group>"; };
		A98A2DED23DD631C00E72DFA /* DetailNavigationController.swift */ = {isa = PBXFileReference; lastKnownFileType = sourcecode.swift; path = DetailNavigationController.swift; sourceTree = "<group>"; };
		A9A3E82623E01D7900EDFE1C /* DetailPromise.storyboard */ = {isa = PBXFileReference; lastKnownFileType = file.storyboard; path = DetailPromise.storyboard; sourceTree = "<group>"; };
		A9A3E82823E02E6F00EDFE1C /* PromiseDetailVC.swift */ = {isa = PBXFileReference; lastKnownFileType = sourcecode.swift; path = PromiseDetailVC.swift; sourceTree = "<group>"; };
		A9A3E82A23E02EFD00EDFE1C /* PromiseFriendTVC.swift */ = {isa = PBXFileReference; lastKnownFileType = sourcecode.swift; path = PromiseFriendTVC.swift; sourceTree = "<group>"; };
		A9A3E82C23E0354500EDFE1C /* StartDateVC.swift */ = {isa = PBXFileReference; lastKnownFileType = sourcecode.swift; path = StartDateVC.swift; sourceTree = "<group>"; };
		A9A3E82E23E0355400EDFE1C /* FinalDateVC.swift */ = {isa = PBXFileReference; lastKnownFileType = sourcecode.swift; path = FinalDateVC.swift; sourceTree = "<group>"; };
		A9A3E83023E0357300EDFE1C /* ColorVC.swift */ = {isa = PBXFileReference; lastKnownFileType = sourcecode.swift; path = ColorVC.swift; sourceTree = "<group>"; };
		A9A3E83223E0358C00EDFE1C /* IconVC.swift */ = {isa = PBXFileReference; lastKnownFileType = sourcecode.swift; path = IconVC.swift; sourceTree = "<group>"; };
		A9A3E83423E0359D00EDFE1C /* AlarmVC.swift */ = {isa = PBXFileReference; lastKnownFileType = sourcecode.swift; path = AlarmVC.swift; sourceTree = "<group>"; };
/* End PBXFileReference section */

/* Begin PBXFrameworksBuildPhase section */
		33FF2C2C23CB55DC0040003A /* Frameworks */ = {
			isa = PBXFrameworksBuildPhase;
			buildActionMask = 2147483647;
			files = (
				08506C9A7B0CF0C05C72A6FB /* Pods_PinkyPromise.framework in Frameworks */,
			);
			runOnlyForDeploymentPostprocessing = 0;
		};
/* End PBXFrameworksBuildPhase section */

/* Begin PBXGroup section */
		186D855523D42124006DA619 /* promiseData */ = {
			isa = PBXGroup;
			children = (
				186D855823D42174006DA619 /* promiseUsers.swift */,
				186D855A23D42486006DA619 /* promiseTable.swift */,
				18BA606B23DC82B100925578 /* progressTable.swift */,
				18BA607B23E0D08100925578 /* promiseNameAndFriends.swift */,
			);
			path = promiseData;
			sourceTree = "<group>";
		};
		188AAA3523D5CE0E00E8BB70 /* Authentication */ = {
			isa = PBXGroup;
			children = (
				188AAA3623D5CE8400E8BB70 /* FirebaseAuthentication.swift */,
			);
			path = Authentication;
			sourceTree = "<group>";
		};
		18AE1EA023D5A36500C786C5 /* LoginView */ = {
			isa = PBXGroup;
			children = (
				18AE1EA123D5A3C400C786C5 /* LoginVC.swift */,
				1875B63923D99F7400751947 /* signInVC.swift */,
				1875B63B23D99F8600751947 /* signUpVC.swift */,
				1875B63D23D9A23D00751947 /* signAnonymousVC.swift */,
			);
			path = LoginView;
			sourceTree = "<group>";
		};
		33028C5E23CDB208004E0104 /* Services */ = {
			isa = PBXGroup;
			children = (
				33028C5F23CDB21B004E0104 /* Api.swift */,
				186D855323D41C94006DA619 /* Constants.swift */,
				1875B63523D876FE00751947 /* FirebaseStorageService.swift */,
				18BA607723DFF02E00925578 /* FirebaseUserService.swift */,
				33B7E8D523E0701A00B2D6C0 /* MyTabApi.swift */,
			);
			path = Services;
			sourceTree = "<group>";
		};
		330AE5FB23CB56DC00706769 /* Models */ = {
			isa = PBXGroup;
			children = (
				188AAA3523D5CE0E00E8BB70 /* Authentication */,
				186D855523D42124006DA619 /* promiseData */,
				334AACF123CC311B00AAF955 /* MyTab */,
				334AACF023CC311500AAF955 /* HomeTab */,
				334AACF223CC312100AAF955 /* FriendTab */,
				334AACED23CC2F9000AAF955 /* MoreTab */,
			);
			path = Models;
			sourceTree = "<group>";
		};
		330AE5FC23CB56DC00706769 /* SupportingFile */ = {
			isa = PBXGroup;
			children = (
				330AE5FD23CB56DC00706769 /* Assets.xcassets */,
				330AE5FE23CB56DC00706769 /* AppDelegate.swift */,
				330AE5FF23CB56DC00706769 /* SceneDelegate.swift */,
			);
			path = SupportingFile;
			sourceTree = "<group>";
		};
		330AE60023CB56DC00706769 /* Views */ = {
			isa = PBXGroup;
			children = (
				334AACE723CC2E3A00AAF955 /* HomeTab */,
				334AACE823CC2E4300AAF955 /* MyTab */,
				334AACE923CC2E4A00AAF955 /* FriendTab */,
				334AACEA23CC2E5300AAF955 /* MoreTab */,
			);
			path = Views;
			sourceTree = "<group>";
		};
		330AE60223CB56DC00706769 /* Storyboards */ = {
			isa = PBXGroup;
			children = (
				330AE60323CB56DC00706769 /* LaunchScreen.storyboard */,
				330AE60523CB56DC00706769 /* Main.storyboard */,
				3FB3AC0223CEF89300851FDA /* HomeTab.storyboard */,
				334AACD123CC249D00AAF955 /* MyTab.storyboard */,
				334AACD423CC24B100AAF955 /* FriendTab.storyboard */,
				334AACD623CC24BA00AAF955 /* MoreTab.storyboard */,
				A9A3E82623E01D7900EDFE1C /* DetailPromise.storyboard */,
			);
			path = Storyboards;
			sourceTree = "<group>";
		};
		330AE60723CB56DC00706769 /* ViewControllers */ = {
			isa = PBXGroup;
			children = (
				18AE1EA023D5A36500C786C5 /* LoginView */,
				334AACE623CC296D00AAF955 /* Main */,
				334AACD823CC24EF00AAF955 /* HomeTab */,
				334AACD923CC250000AAF955 /* MyTab */,
				334AACDA23CC250600AAF955 /* FriendTab */,
				334AACDB23CC250E00AAF955 /* MoreTab */,
			);
			path = ViewControllers;
			sourceTree = "<group>";
		};
		334AACD823CC24EF00AAF955 /* HomeTab */ = {
			isa = PBXGroup;
			children = (
				3FB3AC0423CEF8AE00851FDA /* AddPromiseVC.swift */,
				3FB3AC0523CEF8AE00851FDA /* selectColorVC.swift */,
				334AACDC23CC262D00AAF955 /* HomeTabMainVC.swift */,
				3317B3E823CF1354006A5BF5 /* HomeNavigationController.swift */,
				3F035C5223DF5BC40037A4BA /* AddColorVC.swift */,
				3F7F7E7923DFBA4F0033856F /* AddIconVC.swift */,
				3FE061D623E0E4C900CD2F6A /* AddFriendsVC.swift */,
			);
			path = HomeTab;
			sourceTree = "<group>";
		};
		334AACD923CC250000AAF955 /* MyTab */ = {
			isa = PBXGroup;
			children = (
				334AACE023CC294000AAF955 /* MyTabMainVC.swift */,
				33028C5623CD983A004E0104 /* DayChildVC.swift */,
				33028C5823CD9848004E0104 /* PromiseChildVC.swift */,
				33A782AE23D22B6C0055D6C5 /* EndedPromiseVC.swift */,
				A9A3E82823E02E6F00EDFE1C /* PromiseDetailVC.swift */,
			);
			path = MyTab;
			sourceTree = "<group>";
		};
		334AACDA23CC250600AAF955 /* FriendTab */ = {
			isa = PBXGroup;
			children = (
				334AACE223CC295100AAF955 /* FriendTabMainVC.swift */,
				A9601F1923D6E8FD003CA729 /* FriendTabDetailVC.swift */,
				A98A2DED23DD631C00E72DFA /* DetailNavigationController.swift */,
			);
			path = FriendTab;
			sourceTree = "<group>";
		};
		334AACDB23CC250E00AAF955 /* MoreTab */ = {
			isa = PBXGroup;
			children = (
				334AACE423CC296100AAF955 /* MoreTabMainVC.swift */,
				18BA607523DF3E6D00925578 /* MoreDetailVC.swift */,
				332A24C823DF65B1004377DA /* AddFriendCodeVC.swift */,
			);
			path = MoreTab;
			sourceTree = "<group>";
		};
		334AACE623CC296D00AAF955 /* Main */ = {
			isa = PBXGroup;
			children = (
				334AACDE23CC273500AAF955 /* MainTabBarController.swift */,
			);
			path = Main;
			sourceTree = "<group>";
		};
		334AACE723CC2E3A00AAF955 /* HomeTab */ = {
			isa = PBXGroup;
			children = (
				3F8F103523E03884002D2BDA /* DayPromiseListTVC.xib */,
				3F8F103323E0387A002D2BDA /* DayPromiseListTVC.swift */,
				3F2612CD23D5994700E86CC1 /* PromiseInputTVC.swift */,
				3FB7CF1923D8D6BA00C5DECA /* TextCellTVC.swift */,
				3F6DAE4823DCD53A00599661 /* MyCalendarCell.swift */,
				3F6DAE5823DE30D800599661 /* AddPromiseBtn.swift */,
				3F6DAE5A23DF158300599661 /* PromiseCustomCell.swift */,
				3F035C4E23DF447A0037A4BA /* ColorCVC.swift */,
				3F035C4F23DF447A0037A4BA /* ColorCVC.xib */,
				3F7F7E7523DFB7960033856F /* IconCVC.swift */,
				3F7F7E7623DFB7960033856F /* IconCVC.xib */,
				3FE061CE23E0CF9900CD2F6A /* FriendCellTVC.swift */,
				3FE061D823E0E6C200CD2F6A /* CheckFriendsTVC.swift */,
			);
			path = HomeTab;
			sourceTree = "<group>";
		};
		334AACE823CC2E4300AAF955 /* MyTab */ = {
			isa = PBXGroup;
			children = (
				33BC046623D6E96200DEFD3A /* OnePromiseView.xib */,
				33BC046823D7271200DEFD3A /* OnePromiseView.swift */,
				33028C6123CDB35B004E0104 /* DayTVC.swift */,
				3317B3E423CEF3D2006A5BF5 /* CustomSlider.swift */,
				3317B3E023CEF31B006A5BF5 /* PromiseCVC.swift */,
				332A24C623DEF670004377DA /* EndedPromiseCVC.swift */,
				A9A3E82A23E02EFD00EDFE1C /* PromiseFriendTVC.swift */,
				A9A3E82C23E0354500EDFE1C /* StartDateVC.swift */,
				A9A3E82E23E0355400EDFE1C /* FinalDateVC.swift */,
				A9A3E83023E0357300EDFE1C /* ColorVC.swift */,
				A9A3E83223E0358C00EDFE1C /* IconVC.swift */,
				A9A3E83423E0359D00EDFE1C /* AlarmVC.swift */,
			);
			path = MyTab;
			sourceTree = "<group>";
		};
		334AACE923CC2E4A00AAF955 /* FriendTab */ = {
			isa = PBXGroup;
			children = (
				A969950923CEEBBF00DA31D9 /* FriendTableViewCell.swift */,
				A95DD23623D8914E005707FC /* FriendDetailTableViewCell.swift */,
			);
			path = FriendTab;
			sourceTree = "<group>";
		};
		334AACEA23CC2E5300AAF955 /* MoreTab */ = {
			isa = PBXGroup;
			children = (
				334AACEB23CC2E7D00AAF955 /* MoreTVC.swift */,
			);
			path = MoreTab;
			sourceTree = "<group>";
		};
		334AACED23CC2F9000AAF955 /* MoreTab */ = {
			isa = PBXGroup;
			children = (
				334AACEE23CC2FF600AAF955 /* MoreTableData.swift */,
			);
			path = MoreTab;
			sourceTree = "<group>";
		};
		334AACF023CC311500AAF955 /* HomeTab */ = {
			isa = PBXGroup;
			children = (
			);
			path = HomeTab;
			sourceTree = "<group>";
		};
		334AACF123CC311B00AAF955 /* MyTab */ = {
			isa = PBXGroup;
			children = (
				33A782AC23D21E110055D6C5 /* PromiseData.swift */,
			);
			path = MyTab;
			sourceTree = "<group>";
		};
		334AACF223CC312100AAF955 /* FriendTab */ = {
			isa = PBXGroup;
			children = (
			);
			path = FriendTab;
			sourceTree = "<group>";
		};
		33B7E8D923E1E02E00B2D6C0 /* Extensions */ = {
			isa = PBXGroup;
			children = (
				33B7E8DA23E1E02E00B2D6C0 /* UIColor+Extension.swift */,
				33B7E8DB23E1E02E00B2D6C0 /* UIView+Extension.swift */,
				33B7E8DC23E1E02E00B2D6C0 /* UIViewController+Extension.swift */,
			);
			path = Extensions;
			sourceTree = "<group>";
		};
		33FF2C2623CB55DC0040003A = {
			isa = PBXGroup;
			children = (
				33FF2C3123CB55DC0040003A /* PinkyPromise */,
				33FF2C3023CB55DC0040003A /* Products */,
				36455313227D00FADAE19D69 /* Pods */,
				BDFE7D20C7BEE704036DD9C3 /* Frameworks */,
			);
			sourceTree = "<group>";
		};
		33FF2C3023CB55DC0040003A /* Products */ = {
			isa = PBXGroup;
			children = (
				33FF2C2F23CB55DC0040003A /* PinkyPromise.app */,
			);
			name = Products;
			sourceTree = "<group>";
		};
		33FF2C3123CB55DC0040003A /* PinkyPromise */ = {
			isa = PBXGroup;
			children = (
				33B7E8D923E1E02E00B2D6C0 /* Extensions */,
				181D739B23D5DE32006797A2 /* PinkyPromise.entitlements */,
				18A7B4F723CF663900598AF5 /* GoogleService-Info.plist */,
				33028C5E23CDB208004E0104 /* Services */,
				330AE5FC23CB56DC00706769 /* SupportingFile */,
				330AE5FB23CB56DC00706769 /* Models */,
				330AE60223CB56DC00706769 /* Storyboards */,
				330AE60723CB56DC00706769 /* ViewControllers */,
				330AE60023CB56DC00706769 /* Views */,
				33FF2C4023CB55E20040003A /* Info.plist */,
			);
			path = PinkyPromise;
			sourceTree = "<group>";
		};
		36455313227D00FADAE19D69 /* Pods */ = {
			isa = PBXGroup;
			children = (
				45752F0852F9A5F9940CA4DA /* Pods-PinkyPromise.debug.xcconfig */,
				2BDC4506C0E7546CBE6D7E26 /* Pods-PinkyPromise.release.xcconfig */,
			);
			path = Pods;
			sourceTree = "<group>";
		};
		BDFE7D20C7BEE704036DD9C3 /* Frameworks */ = {
			isa = PBXGroup;
			children = (
				091DA1DC9578F66849434C4F /* Pods_PinkyPromise.framework */,
			);
			name = Frameworks;
			sourceTree = "<group>";
		};
/* End PBXGroup section */

/* Begin PBXNativeTarget section */
		33FF2C2E23CB55DC0040003A /* PinkyPromise */ = {
			isa = PBXNativeTarget;
			buildConfigurationList = 33FF2C4323CB55E20040003A /* Build configuration list for PBXNativeTarget "PinkyPromise" */;
			buildPhases = (
				DB300DDFA05A8D3B58059EF4 /* [CP] Check Pods Manifest.lock */,
				33FF2C2B23CB55DC0040003A /* Sources */,
				33FF2C2C23CB55DC0040003A /* Frameworks */,
				33FF2C2D23CB55DC0040003A /* Resources */,
				10D865B5DB29162BDF5E4DDA /* [CP] Embed Pods Frameworks */,
				58C828DB36754099C38B0814 /* [CP] Copy Pods Resources */,
			);
			buildRules = (
			);
			dependencies = (
			);
			name = PinkyPromise;
			productName = PinkyPromise;
			productReference = 33FF2C2F23CB55DC0040003A /* PinkyPromise.app */;
			productType = "com.apple.product-type.application";
		};
/* End PBXNativeTarget section */

/* Begin PBXProject section */
		33FF2C2723CB55DC0040003A /* Project object */ = {
			isa = PBXProject;
			attributes = {
				LastSwiftUpdateCheck = 1130;
				LastUpgradeCheck = 1130;
				ORGANIZATIONNAME = hyejikim;
				TargetAttributes = {
					33FF2C2E23CB55DC0040003A = {
						CreatedOnToolsVersion = 11.3;
					};
				};
			};
			buildConfigurationList = 33FF2C2A23CB55DC0040003A /* Build configuration list for PBXProject "PinkyPromise" */;
			compatibilityVersion = "Xcode 9.3";
			developmentRegion = en;
			hasScannedForEncodings = 0;
			knownRegions = (
				en,
				Base,
			);
			mainGroup = 33FF2C2623CB55DC0040003A;
			productRefGroup = 33FF2C3023CB55DC0040003A /* Products */;
			projectDirPath = "";
			projectRoot = "";
			targets = (
				33FF2C2E23CB55DC0040003A /* PinkyPromise */,
			);
		};
/* End PBXProject section */

/* Begin PBXResourcesBuildPhase section */
		33FF2C2D23CB55DC0040003A /* Resources */ = {
			isa = PBXResourcesBuildPhase;
			buildActionMask = 2147483647;
			files = (
				3F8F103623E03884002D2BDA /* DayPromiseListTVC.xib in Resources */,
				3F035C5123DF447A0037A4BA /* ColorCVC.xib in Resources */,
				3F7F7E7823DFB7960033856F /* IconCVC.xib in Resources */,
				33BC046723D6E96200DEFD3A /* OnePromiseView.xib in Resources */,
				A9A3E82723E01D7900EDFE1C /* DetailPromise.storyboard in Resources */,
				334AACD223CC249D00AAF955 /* MyTab.storyboard in Resources */,
				18A7B4F823CF663900598AF5 /* GoogleService-Info.plist in Resources */,
				330AE60923CB56DC00706769 /* Assets.xcassets in Resources */,
				3FB3AC0323CEF89300851FDA /* HomeTab.storyboard in Resources */,
				334AACD523CC24B100AAF955 /* FriendTab.storyboard in Resources */,
				334AACD723CC24BA00AAF955 /* MoreTab.storyboard in Resources */,
				330AE60D23CB56DC00706769 /* Main.storyboard in Resources */,
				330AE60C23CB56DC00706769 /* LaunchScreen.storyboard in Resources */,
			);
			runOnlyForDeploymentPostprocessing = 0;
		};
/* End PBXResourcesBuildPhase section */

/* Begin PBXShellScriptBuildPhase section */
		10D865B5DB29162BDF5E4DDA /* [CP] Embed Pods Frameworks */ = {
			isa = PBXShellScriptBuildPhase;
			buildActionMask = 2147483647;
			files = (
			);
			inputFileListPaths = (
				"${PODS_ROOT}/Target Support Files/Pods-PinkyPromise/Pods-PinkyPromise-frameworks-${CONFIGURATION}-input-files.xcfilelist",
			);
			name = "[CP] Embed Pods Frameworks";
			outputFileListPaths = (
				"${PODS_ROOT}/Target Support Files/Pods-PinkyPromise/Pods-PinkyPromise-frameworks-${CONFIGURATION}-output-files.xcfilelist",
			);
			runOnlyForDeploymentPostprocessing = 0;
			shellPath = /bin/sh;
			shellScript = "\"${PODS_ROOT}/Target Support Files/Pods-PinkyPromise/Pods-PinkyPromise-frameworks.sh\"\n";
			showEnvVarsInLog = 0;
		};
		58C828DB36754099C38B0814 /* [CP] Copy Pods Resources */ = {
			isa = PBXShellScriptBuildPhase;
			buildActionMask = 2147483647;
			files = (
			);
			inputFileListPaths = (
				"${PODS_ROOT}/Target Support Files/Pods-PinkyPromise/Pods-PinkyPromise-resources-${CONFIGURATION}-input-files.xcfilelist",
			);
			name = "[CP] Copy Pods Resources";
			outputFileListPaths = (
				"${PODS_ROOT}/Target Support Files/Pods-PinkyPromise/Pods-PinkyPromise-resources-${CONFIGURATION}-output-files.xcfilelist",
			);
			runOnlyForDeploymentPostprocessing = 0;
			shellPath = /bin/sh;
			shellScript = "\"${PODS_ROOT}/Target Support Files/Pods-PinkyPromise/Pods-PinkyPromise-resources.sh\"\n";
			showEnvVarsInLog = 0;
		};
		DB300DDFA05A8D3B58059EF4 /* [CP] Check Pods Manifest.lock */ = {
			isa = PBXShellScriptBuildPhase;
			buildActionMask = 2147483647;
			files = (
			);
			inputFileListPaths = (
			);
			inputPaths = (
				"${PODS_PODFILE_DIR_PATH}/Podfile.lock",
				"${PODS_ROOT}/Manifest.lock",
			);
			name = "[CP] Check Pods Manifest.lock";
			outputFileListPaths = (
			);
			outputPaths = (
				"$(DERIVED_FILE_DIR)/Pods-PinkyPromise-checkManifestLockResult.txt",
			);
			runOnlyForDeploymentPostprocessing = 0;
			shellPath = /bin/sh;
			shellScript = "diff \"${PODS_PODFILE_DIR_PATH}/Podfile.lock\" \"${PODS_ROOT}/Manifest.lock\" > /dev/null\nif [ $? != 0 ] ; then\n    # print error to STDERR\n    echo \"error: The sandbox is not in sync with the Podfile.lock. Run 'pod install' or update your CocoaPods installation.\" >&2\n    exit 1\nfi\n# This output is used by Xcode 'outputs' to avoid re-running this script phase.\necho \"SUCCESS\" > \"${SCRIPT_OUTPUT_FILE_0}\"\n";
			showEnvVarsInLog = 0;
		};
/* End PBXShellScriptBuildPhase section */

/* Begin PBXSourcesBuildPhase section */
		33FF2C2B23CB55DC0040003A /* Sources */ = {
			isa = PBXSourcesBuildPhase;
			buildActionMask = 2147483647;
			files = (
				33B7E8D623E0701A00B2D6C0 /* MyTabApi.swift in Sources */,
				334AACEC23CC2E7D00AAF955 /* MoreTVC.swift in Sources */,
				334AACEF23CC2FF600AAF955 /* MoreTableData.swift in Sources */,
				3F6DAE5923DE30D800599661 /* AddPromiseBtn.swift in Sources */,
				3F7F7E7723DFB7960033856F /* IconCVC.swift in Sources */,
				3F8F103423E0387A002D2BDA /* DayPromiseListTVC.swift in Sources */,
				186D855B23D42486006DA619 /* promiseTable.swift in Sources */,
				A95DD23723D8914E005707FC /* FriendDetailTableViewCell.swift in Sources */,
				3FB7CF1A23D8D6BA00C5DECA /* TextCellTVC.swift in Sources */,
				33028C5923CD9848004E0104 /* PromiseChildVC.swift in Sources */,
				A9A3E83523E0359D00EDFE1C /* AlarmVC.swift in Sources */,
				330AE60B23CB56DC00706769 /* SceneDelegate.swift in Sources */,
				334AACDD23CC262D00AAF955 /* HomeTabMainVC.swift in Sources */,
				3FE061CF23E0CF9900CD2F6A /* FriendCellTVC.swift in Sources */,
				3F2612CE23D5994700E86CC1 /* PromiseInputTVC.swift in Sources */,
				33B7E8DD23E1E02E00B2D6C0 /* UIColor+Extension.swift in Sources */,
				A9601F1A23D6E8FD003CA729 /* FriendTabDetailVC.swift in Sources */,
				186D855423D41C94006DA619 /* Constants.swift in Sources */,
				1875B63A23D99F7400751947 /* signInVC.swift in Sources */,
				33BC046923D7271200DEFD3A /* OnePromiseView.swift in Sources */,
				18BA607623DF3E6D00925578 /* MoreDetailVC.swift in Sources */,
				33028C6223CDB35B004E0104 /* DayTVC.swift in Sources */,
				33A782AF23D22B6C0055D6C5 /* EndedPromiseVC.swift in Sources */,
				A9A3E82B23E02EFD00EDFE1C /* PromiseFriendTVC.swift in Sources */,
				3FE061D923E0E6C200CD2F6A /* CheckFriendsTVC.swift in Sources */,
				33028C6023CDB21B004E0104 /* Api.swift in Sources */,
				3F035C5023DF447A0037A4BA /* ColorCVC.swift in Sources */,
				3FE061D723E0E4C900CD2F6A /* AddFriendsVC.swift in Sources */,
				3F7F7E7A23DFBA4F0033856F /* AddIconVC.swift in Sources */,
				33B7E8DF23E1E02E00B2D6C0 /* UIViewController+Extension.swift in Sources */,
				33A782AD23D21E110055D6C5 /* PromiseData.swift in Sources */,
				1875B63623D876FE00751947 /* FirebaseStorageService.swift in Sources */,
				334AACE123CC294000AAF955 /* MyTabMainVC.swift in Sources */,
				1875B63E23D9A23D00751947 /* signAnonymousVC.swift in Sources */,
				A9A3E82D23E0354500EDFE1C /* StartDateVC.swift in Sources */,
				A98A2DEE23DD631C00E72DFA /* DetailNavigationController.swift in Sources */,
				3F6DAE5B23DF158300599661 /* PromiseCustomCell.swift in Sources */,
				334AACE523CC296100AAF955 /* MoreTabMainVC.swift in Sources */,
				33028C5723CD983A004E0104 /* DayChildVC.swift in Sources */,
				3FB3AC0623CEF8AE00851FDA /* AddPromiseVC.swift in Sources */,
				3FB3AC0723CEF8AE00851FDA /* selectColorVC.swift in Sources */,
				18BA606C23DC82B100925578 /* progressTable.swift in Sources */,
				186D855923D42174006DA619 /* promiseUsers.swift in Sources */,
				3317B3E723CEFFCC006A5BF5 /* UIView+Extension.swift in Sources */,
				A9A3E82F23E0355400EDFE1C /* FinalDateVC.swift in Sources */,
				334AACE323CC295100AAF955 /* FriendTabMainVC.swift in Sources */,
				334AACDF23CC273500AAF955 /* MainTabBarController.swift in Sources */,
				3317B3E123CEF31B006A5BF5 /* PromiseCVC.swift in Sources */,
				188AAA3723D5CE8400E8BB70 /* FirebaseAuthentication.swift in Sources */,
				1875B63C23D99F8600751947 /* signUpVC.swift in Sources */,
				330AE60A23CB56DC00706769 /* AppDelegate.swift in Sources */,
				3317B3E923CF1354006A5BF5 /* HomeNavigationController.swift in Sources */,
				A9A3E82923E02E6F00EDFE1C /* PromiseDetailVC.swift in Sources */,
				18BA607C23E0D08100925578 /* promiseNameAndFriends.swift in Sources */,
				18BA607823DFF02E00925578 /* FirebaseUserService.swift in Sources */,
				A9A3E83123E0357300EDFE1C /* ColorVC.swift in Sources */,
				A9A3E83323E0358C00EDFE1C /* IconVC.swift in Sources */,
				332A24C923DF65B1004377DA /* AddFriendCodeVC.swift in Sources */,
				18AE1EA223D5A3C400C786C5 /* LoginVC.swift in Sources */,
				33B7E8DE23E1E02E00B2D6C0 /* UIView+Extension.swift in Sources */,
				3F035C5323DF5BC40037A4BA /* AddColorVC.swift in Sources */,
				332A24C723DEF670004377DA /* EndedPromiseCVC.swift in Sources */,
				A969950A23CEEBBF00DA31D9 /* FriendTableViewCell.swift in Sources */,
				3317B3E523CEF3D2006A5BF5 /* CustomSlider.swift in Sources */,
				3F6DAE4923DCD53A00599661 /* MyCalendarCell.swift in Sources */,
			);
			runOnlyForDeploymentPostprocessing = 0;
		};
/* End PBXSourcesBuildPhase section */

/* Begin PBXVariantGroup section */
		330AE60323CB56DC00706769 /* LaunchScreen.storyboard */ = {
			isa = PBXVariantGroup;
			children = (
				330AE60423CB56DC00706769 /* Base */,
			);
			name = LaunchScreen.storyboard;
			sourceTree = "<group>";
		};
		330AE60523CB56DC00706769 /* Main.storyboard */ = {
			isa = PBXVariantGroup;
			children = (
				330AE60623CB56DC00706769 /* Base */,
			);
			name = Main.storyboard;
			sourceTree = "<group>";
		};
/* End PBXVariantGroup section */

/* Begin XCBuildConfiguration section */
		33FF2C4123CB55E20040003A /* Debug */ = {
			isa = XCBuildConfiguration;
			buildSettings = {
				ALWAYS_SEARCH_USER_PATHS = NO;
				CLANG_ANALYZER_NONNULL = YES;
				CLANG_ANALYZER_NUMBER_OBJECT_CONVERSION = YES_AGGRESSIVE;
				CLANG_CXX_LANGUAGE_STANDARD = "gnu++14";
				CLANG_CXX_LIBRARY = "libc++";
				CLANG_ENABLE_MODULES = YES;
				CLANG_ENABLE_OBJC_ARC = YES;
				CLANG_ENABLE_OBJC_WEAK = YES;
				CLANG_WARN_BLOCK_CAPTURE_AUTORELEASING = YES;
				CLANG_WARN_BOOL_CONVERSION = YES;
				CLANG_WARN_COMMA = YES;
				CLANG_WARN_CONSTANT_CONVERSION = YES;
				CLANG_WARN_DEPRECATED_OBJC_IMPLEMENTATIONS = YES;
				CLANG_WARN_DIRECT_OBJC_ISA_USAGE = YES_ERROR;
				CLANG_WARN_DOCUMENTATION_COMMENTS = YES;
				CLANG_WARN_EMPTY_BODY = YES;
				CLANG_WARN_ENUM_CONVERSION = YES;
				CLANG_WARN_INFINITE_RECURSION = YES;
				CLANG_WARN_INT_CONVERSION = YES;
				CLANG_WARN_NON_LITERAL_NULL_CONVERSION = YES;
				CLANG_WARN_OBJC_IMPLICIT_RETAIN_SELF = YES;
				CLANG_WARN_OBJC_LITERAL_CONVERSION = YES;
				CLANG_WARN_OBJC_ROOT_CLASS = YES_ERROR;
				CLANG_WARN_RANGE_LOOP_ANALYSIS = YES;
				CLANG_WARN_STRICT_PROTOTYPES = YES;
				CLANG_WARN_SUSPICIOUS_MOVE = YES;
				CLANG_WARN_UNGUARDED_AVAILABILITY = YES_AGGRESSIVE;
				CLANG_WARN_UNREACHABLE_CODE = YES;
				CLANG_WARN__DUPLICATE_METHOD_MATCH = YES;
				COPY_PHASE_STRIP = NO;
				DEBUG_INFORMATION_FORMAT = dwarf;
				ENABLE_STRICT_OBJC_MSGSEND = YES;
				ENABLE_TESTABILITY = YES;
				GCC_C_LANGUAGE_STANDARD = gnu11;
				GCC_DYNAMIC_NO_PIC = NO;
				GCC_NO_COMMON_BLOCKS = YES;
				GCC_OPTIMIZATION_LEVEL = 0;
				GCC_PREPROCESSOR_DEFINITIONS = (
					"DEBUG=1",
					"$(inherited)",
				);
				GCC_WARN_64_TO_32_BIT_CONVERSION = YES;
				GCC_WARN_ABOUT_RETURN_TYPE = YES_ERROR;
				GCC_WARN_UNDECLARED_SELECTOR = YES;
				GCC_WARN_UNINITIALIZED_AUTOS = YES_AGGRESSIVE;
				GCC_WARN_UNUSED_FUNCTION = YES;
				GCC_WARN_UNUSED_VARIABLE = YES;
				IPHONEOS_DEPLOYMENT_TARGET = 13.2;
				MTL_ENABLE_DEBUG_INFO = INCLUDE_SOURCE;
				MTL_FAST_MATH = YES;
				ONLY_ACTIVE_ARCH = YES;
				SDKROOT = iphoneos;
				SWIFT_ACTIVE_COMPILATION_CONDITIONS = DEBUG;
				SWIFT_OPTIMIZATION_LEVEL = "-Onone";
			};
			name = Debug;
		};
		33FF2C4223CB55E20040003A /* Release */ = {
			isa = XCBuildConfiguration;
			buildSettings = {
				ALWAYS_SEARCH_USER_PATHS = NO;
				CLANG_ANALYZER_NONNULL = YES;
				CLANG_ANALYZER_NUMBER_OBJECT_CONVERSION = YES_AGGRESSIVE;
				CLANG_CXX_LANGUAGE_STANDARD = "gnu++14";
				CLANG_CXX_LIBRARY = "libc++";
				CLANG_ENABLE_MODULES = YES;
				CLANG_ENABLE_OBJC_ARC = YES;
				CLANG_ENABLE_OBJC_WEAK = YES;
				CLANG_WARN_BLOCK_CAPTURE_AUTORELEASING = YES;
				CLANG_WARN_BOOL_CONVERSION = YES;
				CLANG_WARN_COMMA = YES;
				CLANG_WARN_CONSTANT_CONVERSION = YES;
				CLANG_WARN_DEPRECATED_OBJC_IMPLEMENTATIONS = YES;
				CLANG_WARN_DIRECT_OBJC_ISA_USAGE = YES_ERROR;
				CLANG_WARN_DOCUMENTATION_COMMENTS = YES;
				CLANG_WARN_EMPTY_BODY = YES;
				CLANG_WARN_ENUM_CONVERSION = YES;
				CLANG_WARN_INFINITE_RECURSION = YES;
				CLANG_WARN_INT_CONVERSION = YES;
				CLANG_WARN_NON_LITERAL_NULL_CONVERSION = YES;
				CLANG_WARN_OBJC_IMPLICIT_RETAIN_SELF = YES;
				CLANG_WARN_OBJC_LITERAL_CONVERSION = YES;
				CLANG_WARN_OBJC_ROOT_CLASS = YES_ERROR;
				CLANG_WARN_RANGE_LOOP_ANALYSIS = YES;
				CLANG_WARN_STRICT_PROTOTYPES = YES;
				CLANG_WARN_SUSPICIOUS_MOVE = YES;
				CLANG_WARN_UNGUARDED_AVAILABILITY = YES_AGGRESSIVE;
				CLANG_WARN_UNREACHABLE_CODE = YES;
				CLANG_WARN__DUPLICATE_METHOD_MATCH = YES;
				COPY_PHASE_STRIP = NO;
				DEBUG_INFORMATION_FORMAT = "dwarf-with-dsym";
				ENABLE_NS_ASSERTIONS = NO;
				ENABLE_STRICT_OBJC_MSGSEND = YES;
				GCC_C_LANGUAGE_STANDARD = gnu11;
				GCC_NO_COMMON_BLOCKS = YES;
				GCC_WARN_64_TO_32_BIT_CONVERSION = YES;
				GCC_WARN_ABOUT_RETURN_TYPE = YES_ERROR;
				GCC_WARN_UNDECLARED_SELECTOR = YES;
				GCC_WARN_UNINITIALIZED_AUTOS = YES_AGGRESSIVE;
				GCC_WARN_UNUSED_FUNCTION = YES;
				GCC_WARN_UNUSED_VARIABLE = YES;
				IPHONEOS_DEPLOYMENT_TARGET = 13.2;
				MTL_ENABLE_DEBUG_INFO = NO;
				MTL_FAST_MATH = YES;
				SDKROOT = iphoneos;
				SWIFT_COMPILATION_MODE = wholemodule;
				SWIFT_OPTIMIZATION_LEVEL = "-O";
				VALIDATE_PRODUCT = YES;
			};
			name = Release;
		};
		33FF2C4423CB55E20040003A /* Debug */ = {
			isa = XCBuildConfiguration;
			baseConfigurationReference = 45752F0852F9A5F9940CA4DA /* Pods-PinkyPromise.debug.xcconfig */;
			buildSettings = {
				ASSETCATALOG_COMPILER_APPICON_NAME = AppIcon;
				CODE_SIGN_ENTITLEMENTS = PinkyPromise/PinkyPromise.entitlements;
				CODE_SIGN_STYLE = Automatic;
				DEVELOPMENT_TEAM = M96L4WMU9C;
				INFOPLIST_FILE = PinkyPromise/Info.plist;
				LD_RUNPATH_SEARCH_PATHS = (
					"$(inherited)",
					"@executable_path/Frameworks",
				);
				PRODUCT_BUNDLE_IDENTIFIER = hyex.PinkyPromise;
				PRODUCT_NAME = "$(TARGET_NAME)";
				SWIFT_VERSION = 5.0;
				TARGETED_DEVICE_FAMILY = "1,2";
			};
			name = Debug;
		};
		33FF2C4523CB55E20040003A /* Release */ = {
			isa = XCBuildConfiguration;
			baseConfigurationReference = 2BDC4506C0E7546CBE6D7E26 /* Pods-PinkyPromise.release.xcconfig */;
			buildSettings = {
				ASSETCATALOG_COMPILER_APPICON_NAME = AppIcon;
				CODE_SIGN_ENTITLEMENTS = PinkyPromise/PinkyPromise.entitlements;
				CODE_SIGN_STYLE = Automatic;
				DEVELOPMENT_TEAM = M96L4WMU9C;
				INFOPLIST_FILE = PinkyPromise/Info.plist;
				LD_RUNPATH_SEARCH_PATHS = (
					"$(inherited)",
					"@executable_path/Frameworks",
				);
				PRODUCT_BUNDLE_IDENTIFIER = hyex.PinkyPromise;
				PRODUCT_NAME = "$(TARGET_NAME)";
				SWIFT_VERSION = 5.0;
				TARGETED_DEVICE_FAMILY = "1,2";
			};
			name = Release;
		};
/* End XCBuildConfiguration section */

/* Begin XCConfigurationList section */
		33FF2C2A23CB55DC0040003A /* Build configuration list for PBXProject "PinkyPromise" */ = {
			isa = XCConfigurationList;
			buildConfigurations = (
				33FF2C4123CB55E20040003A /* Debug */,
				33FF2C4223CB55E20040003A /* Release */,
			);
			defaultConfigurationIsVisible = 0;
			defaultConfigurationName = Release;
		};
		33FF2C4323CB55E20040003A /* Build configuration list for PBXNativeTarget "PinkyPromise" */ = {
			isa = XCConfigurationList;
			buildConfigurations = (
				33FF2C4423CB55E20040003A /* Debug */,
				33FF2C4523CB55E20040003A /* Release */,
			);
			defaultConfigurationIsVisible = 0;
			defaultConfigurationName = Release;
		};
/* End XCConfigurationList section */
	};
	rootObject = 33FF2C2723CB55DC0040003A /* Project object */;
}
